{
  "name": "proto-to-ts",
  "version": "1.0.0",
  "lockfileVersion": 1,
  "requires": true,
  "dependencies": {
    "proto-parser": {
      "version": "0.0.5",
      "resolved": "https://arti.freewheel.tv/api/npm/fw-npm/proto-parser/-/proto-parser-0.0.5.tgz",
      "integrity": "sha1-DEzx/hOhRaayfgnRagp4eOOwg2k="
    }
  }
}
